
Microsoft Visual Studio Solution File, Format Version 12.00
# Visual Studio Version 16
VisualStudioVersion = 16.0.31205.134
MinimumVisualStudioVersion = 10.0.40219.1
Project("{FAE04EC0-301F-11D3-BF4B-00C04F79EFBC}") = "TheHighestLevel", "TheHighestLevel.csproj", "{B26110D8-DC60-4D38-BBFD-AE9384D32E01}"
EndProject
Global
	GlobalSection(SolutionConfigurationPlatforms) = preSolution
		Debug|Any CPU = Debug|Any CPU
		Release|Any CPU = Release|Any CPU
	EndGlobalSection
	GlobalSection(ProjectConfigurationPlatforms) = postSolution
		{B26110D8-DC60-4D38-BBFD-AE9384D32E01}.Debug|Any CPU.ActiveCfg = Debug|Any CPU
		{B26110D8-DC60-4D38-BBFD-AE9384D32E01}.Debug|Any CPU.Build.0 = Debug|Any CPU
		{B26110D8-DC60-4D38-BBFD-AE9384D32E01}.Release|Any CPU.ActiveCfg = Release|Any CPU
		{B26110D8-DC60-4D38-BBFD-AE9384D32E01}.Release|Any CPU.Build.0 = Release|Any CPU
	EndGlobalSection
	GlobalSection(SolutionProperties) = preSolution
		HideSolutionNode = FALSE
	EndGlobalSection
	GlobalSection(ExtensibilityGlobals) = postSolution
		SolutionGuid = {FAC120E4-EB2E-4CD2-9D93-6567621BEA01}
	EndGlobalSection
EndGlobal
